
Microsoft Visual Studio Solution File, Format Version 12.00
# Visual Studio Version 17
VisualStudioVersion = 17.3.32819.101
MinimumVisualStudioVersion = 10.0.40219.1
Project("{FAE04EC0-301F-11D3-BF4B-00C04F79EFBC}") = "Project1", "Project1.csproj", "{1EA43A0D-5268-4E5C-9879-E30C884F8CA1}"
EndProject
Global
	GlobalSection(SolutionConfigurationPlatforms) = preSolution
		Debug|Any CPU = Debug|Any CPU
		Release|Any CPU = Release|Any CPU
	EndGlobalSection
	GlobalSection(ProjectConfigurationPlatforms) = postSolution
		{1EA43A0D-5268-4E5C-9879-E30C884F8CA1}.Debug|Any CPU.ActiveCfg = Debug|Any CPU
		{1EA43A0D-5268-4E5C-9879-E30C884F8CA1}.Debug|Any CPU.Build.0 = Debug|Any CPU
		{1EA43A0D-5268-4E5C-9879-E30C884F8CA1}.Release|Any CPU.ActiveCfg = Release|Any CPU
		{1EA43A0D-5268-4E5C-9879-E30C884F8CA1}.Release|Any CPU.Build.0 = Release|Any CPU
	EndGlobalSection
	GlobalSection(SolutionProperties) = preSolution
		HideSolutionNode = FALSE
	EndGlobalSection
	GlobalSection(ExtensibilityGlobals) = postSolution
		SolutionGuid = {6F123862-E855-4442-B607-95A9E144EA98}
	EndGlobalSection
EndGlobal
